{
  "pins" : [
    {
      "identity" : "chameleonframework",
      "kind" : "remoteSourceControl",
      "location" : "https://github.com/starkdmi/ChameleonFramework.git",
      "state" : {
        "branch" : "main",
        "revision" : "71b36b0dbbd09b923c9e948b73d2492ea6097a68"
      }
    },
    {
      "identity" : "realm-core",
      "kind" : "remoteSourceControl",
      "location" : "https://github.com/realm/realm-core.git",
      "state" : {
        "revision" : "a7d486d07b821e28ffd3587e99355a63148cbb43",
        "version" : "13.4.1"
      }
    },
    {
      "identity" : "realm-swift",
      "kind" : "remoteSourceControl",
      "location" : "https://github.com/realm/realm-swift.git",
      "state" : {
        "revision" : "4d55ba88e78ed427eae439e7c15fac2372f95c64",
        "version" : "10.36.0"
      }
    },
    {
      "identity" : "swipecellkit",
      "kind" : "remoteSourceControl",
      "location" : "https://github.com/SwipeCellKit/SwipeCellKit",
      "state" : {
        "revision" : "7219cad3098637176ace311510d11467dbfb9bb0",
        "version" : "2.7.1"
      }
    }
  ],
  "version" : 2
}
